# This file is autogenerated, do not edit; changes may be undone by the next 'dep ensure'.


[[projects]]
  branch = "master"
  digest = "1:f55dc4709c203dd73ca3f0b61ddc04892f6e2789c420fb2cc246f5aee1a29b17"
  name = "github.com/tealeg/xlsx"
  packages = ["."]
  pruneopts = "UT"
  revision = "4399f728635c63b98c393811e2c91f4f0f1a5b1b"

[solve-meta]
  analyzer-name = "dep"
  analyzer-version = 1
  input-imports = ["github.com/tealeg/xlsx"]
  solver-name = "gps-cdcl"
  solver-version = 1
