# This file is autogenerated, do not edit; changes may be undone by the next 'dep ensure'.


[[projects]]
  digest = "1:7f60bb033c03f8322869de36b3a063080593d22037c5a117007553441645adaa"
  name = "github.com/tealeg/xlsx"
  packages = ["."]
  pruneopts = "UT"
  revision = "1b556911422e5b0f499a31ddc028ccc5ad288d4c"
  version = "v1.0.5"

[solve-meta]
  analyzer-name = "dep"
  analyzer-version = 1
  input-imports = ["github.com/tealeg/xlsx"]
  solver-name = "gps-cdcl"
  solver-version = 1
